// !$*UTF8*$!
{
	archiveVersion = 1;
	classes = {
	};
	objectVersion = 77;
	objects = {

/* Begin PBXBuildFile section */
		172759092F3F856F007A1A80 /* GRDB in Frameworks */ = {isa = PBXBuildFile; productRef = AA0001012F3E7000007A1A80 /* GRDB */; };
		1727590A2F3F856F007A1A80 /* MapLibre in Frameworks */ = {isa = PBXBuildFile; productRef = AA0001022F3E7000007A1A80 /* MapLibre */; };
/* End PBXBuildFile section */

/* Begin PBXContainerItemProxy section */
		172758742F3E6979007A1A80 /* PBXContainerItemProxy */ = {
			isa = PBXContainerItemProxy;
			containerPortal = 1727585C2F3E6978007A1A80 /* Project object */;
			proxyType = 1;
			remoteGlobalIDString = 172758632F3E6978007A1A80;
			remoteInfo = "efb-212";
		};
		1727587E2F3E6979007A1A80 /* PBXContainerItemProxy */ = {
			isa = PBXContainerItemProxy;
			containerPortal = 1727585C2F3E6978007A1A80 /* Project object */;
			proxyType = 1;
			remoteGlobalIDString = 172758632F3E6978007A1A80;
			remoteInfo = "efb-212";
		};
/* End PBXContainerItemProxy section */

/* Begin PBXFileReference section */
		172758642F3E6978007A1A80 /* efb-212.app */ = {isa = PBXFileReference; explicitFileType = wrapper.application; includeInIndex = 0; path = "efb-212.app"; sourceTree = BUILT_PRODUCTS_DIR; };
		172758732F3E6979007A1A80 /* efb-212Tests.xctest */ = {isa = PBXFileReference; explicitFileType = wrapper.cfbundle; includeInIndex = 0; path = "efb-212Tests.xctest"; sourceTree = BUILT_PRODUCTS_DIR; };
		1727587D2F3E6979007A1A80 /* efb-212UITests.xctest */ = {isa = PBXFileReference; explicitFileType = wrapper.cfbundle; includeInIndex = 0; path = "efb-212UITests.xctest"; sourceTree = BUILT_PRODUCTS_DIR; };
/* End PBXFileReference section */

/* Begin PBXFileSystemSynchronizedRootGroup section */
		172758662F3E6978007A1A80 /* efb-212 */ = {
			isa = PBXFileSystemSynchronizedRootGroup;
			path = "efb-212";
			sourceTree = "<group>";
		};
		172758762F3E6979007A1A80 /* efb-212Tests */ = {
			isa = PBXFileSystemSynchronizedRootGroup;
			path = "efb-212Tests";
			sourceTree = "<group>";
		};
		172758802F3E6979007A1A80 /* efb-212UITests */ = {
			isa = PBXFileSystemSynchronizedRootGroup;
			path = "efb-212UITests";
			sourceTree = "<group>";
		};
/* End PBXFileSystemSynchronizedRootGroup section */

/* Begin PBXFrameworksBuildPhase section */
		172758612F3E6978007A1A80 /* Frameworks */ = {
			isa = PBXFrameworksBuildPhase;
			buildActionMask = 2147483647;
			files = (
				1727590A2F3F856F007A1A80 /* MapLibre in Frameworks */,
				172759092F3F856F007A1A80 /* GRDB in Frameworks */,
			);
			runOnlyForDeploymentPostprocessing = 0;
		};
		172758702F3E6979007A1A80 /* Frameworks */ = {
			isa = PBXFrameworksBuildPhase;
			buildActionMask = 2147483647;
			files = (
			);
			runOnlyForDeploymentPostprocessing = 0;
		};
		1727587A2F3E6979007A1A80 /* Frameworks */ = {
			isa = PBXFrameworksBuildPhase;
			buildActionMask = 2147483647;
			files = (
			);
			runOnlyForDeploymentPostprocessing = 0;
		};
/* End PBXFrameworksBuildPhase section */

/* Begin PBXGroup section */
		1727585B2F3E6978007A1A80 = {
			isa = PBXGroup;
			children = (
				172758662F3E6978007A1A80 /* efb-212 */,
				172758762F3E6979007A1A80 /* efb-212Tests */,
				172758802F3E6979007A1A80 /* efb-212UITests */,
				172758652F3E6978007A1A80 /* Products */,
			);
			sourceTree = "<group>";
		};
		172758652F3E6978007A1A80 /* Products */ = {
			isa = PBXGroup;
			children = (
				172758642F3E6978007A1A80 /* efb-212.app */,
				172758732F3E6979007A1A80 /* efb-212Tests.xctest */,
				1727587D2F3E6979007A1A80 /* efb-212UITests.xctest */,
			);
			name = Products;
			sourceTree = "<group>";
		};
/* End PBXGroup section */

/* Begin PBXNativeTarget section */
		172758632F3E6978007A1A80 /* efb-212 */ = {
			isa = PBXNativeTarget;
			buildConfigurationList = 172758872F3E6979007A1A80 /* Build configuration list for PBXNativeTarget "efb-212" */;
			buildPhases = (
				172758602F3E6978007A1A80 /* Sources */,
				172758612F3E6978007A1A80 /* Frameworks */,
				172758622F3E6978007A1A80 /* Resources */,
			);
			buildRules = (
			);
			dependencies = (
			);
			fileSystemSynchronizedGroups = (
				172758662F3E6978007A1A80 /* efb-212 */,
			);
			name = "efb-212";
			packageProductDependencies = (
				AA0001012F3E7000007A1A80 /* GRDB */,
				AA0001022F3E7000007A1A80 /* MapLibre */,
			);
			productName = "efb-212";
			productReference = 172758642F3E6978007A1A80 /* efb-212.app */;
			productType = "com.apple.product-type.application";
		};
		172758722F3E6979007A1A80 /* efb-212Tests */ = {
			isa = PBXNativeTarget;
			buildConfigurationList = 1727588A2F3E6979007A1A80 /* Build configuration list for PBXNativeTarget "efb-212Tests" */;
			buildPhases = (
				1727586F2F3E6979007A1A80 /* Sources */,
				172758702F3E6979007A1A80 /* Frameworks */,
				172758712F3E6979007A1A80 /* Resources */,
			);
			buildRules = (
			);
			dependencies = (
				172758752F3E6979007A1A80 /* PBXTargetDependency */,
			);
			fileSystemSynchronizedGroups = (
				172758762F3E6979007A1A80 /* efb-212Tests */,
			);
			name = "efb-212Tests";
			packageProductDependencies = (
			);
			productName = "efb-212Tests";
			productReference = 172758732F3E6979007A1A80 /* efb-212Tests.xctest */;
			productType = "com.apple.product-type.bundle.unit-test";
		};
		1727587C2F3E6979007A1A80 /* efb-212UITests */ = {
			isa = PBXNativeTarget;
			buildConfigurationList = 1727588D2F3E6979007A1A80 /* Build configuration list for PBXNativeTarget "efb-212UITests" */;
			buildPhases = (
				172758792F3E6979007A1A80 /* Sources */,
				1727587A2F3E6979007A1A80 /* Frameworks */,
				1727587B2F3E6979007A1A80 /* Resources */,
			);
			buildRules = (
			);
			dependencies = (
				1727587F2F3E6979007A1A80 /* PBXTargetDependency */,
			);
			fileSystemSynchronizedGroups = (
				172758802F3E6979007A1A80 /* efb-212UITests */,
			);
			name = "efb-212UITests";
			packageProductDependencies = (
			);
			productName = "efb-212UITests";
			productReference = 1727587D2F3E6979007A1A80 /* efb-212UITests.xctest */;
			productType = "com.apple.product-type.bundle.ui-testing";
		};
/* End PBXNativeTarget section */

/* Begin PBXProject section */
		1727585C2F3E6978007A1A80 /* Project object */ = {
			isa = PBXProject;
			attributes = {
				BuildIndependentTargetsInParallel = 1;
				LastSwiftUpdateCheck = 2600;
				LastUpgradeCheck = 2600;
				TargetAttributes = {
					172758632F3E6978007A1A80 = {
						CreatedOnToolsVersion = 26.0.1;
					};
					172758722F3E6979007A1A80 = {
						CreatedOnToolsVersion = 26.0.1;
						TestTargetID = 172758632F3E6978007A1A80;
					};
					1727587C2F3E6979007A1A80 = {
						CreatedOnToolsVersion = 26.0.1;
						TestTargetID = 172758632F3E6978007A1A80;
					};
				};
			};
			buildConfigurationList = 1727585F2F3E6978007A1A80 /* Build configuration list for PBXProject "efb-212" */;
			developmentRegion = en;
			hasScannedForEncodings = 0;
			knownRegions = (
				en,
				Base,
			);
			mainGroup = 1727585B2F3E6978007A1A80;
			minimizedProjectReferenceProxies = 1;
			packageReferences = (
				AA0002012F3E7000007A1A80 /* XCRemoteSwiftPackageReference "GRDB" */,
				AA0002022F3E7000007A1A80 /* XCRemoteSwiftPackageReference "maplibre-gl-native-distribution" */,
			);
			preferredProjectObjectVersion = 77;
			productRefGroup = 172758652F3E6978007A1A80 /* Products */;
			projectDirPath = "";
			projectRoot = "";
			targets = (
				172758632F3E6978007A1A80 /* efb-212 */,
				172758722F3E6979007A1A80 /* efb-212Tests */,
				1727587C2F3E6979007A1A80 /* efb-212UITests */,
			);
		};
/* End PBXProject section */

/* Begin PBXResourcesBuildPhase section */
		172758622F3E6978007A1A80 /* Resources */ = {
			isa = PBXResourcesBuildPhase;
			buildActionMask = 2147483647;
			files = (
			);
			runOnlyForDeploymentPostprocessing = 0;
		};
		172758712F3E6979007A1A80 /* Resources */ = {
			isa = PBXResourcesBuildPhase;
			buildActionMask = 2147483647;
			files = (
			);
			runOnlyForDeploymentPostprocessing = 0;
		};
		1727587B2F3E6979007A1A80 /* Resources */ = {
			isa = PBXResourcesBuildPhase;
			buildActionMask = 2147483647;
			files = (
			);
			runOnlyForDeploymentPostprocessing = 0;
		};
/* End PBXResourcesBuildPhase section */

/* Begin PBXSourcesBuildPhase section */
		172758602F3E6978007A1A80 /* Sources */ = {
			isa = PBXSourcesBuildPhase;
			buildActionMask = 2147483647;
			files = (
			);
			runOnlyForDeploymentPostprocessing = 0;
		};
		1727586F2F3E6979007A1A80 /* Sources */ = {
			isa = PBXSourcesBuildPhase;
			buildActionMask = 2147483647;
			files = (
			);
			runOnlyForDeploymentPostprocessing = 0;
		};
		172758792F3E6979007A1A80 /* Sources */ = {
			isa = PBXSourcesBuildPhase;
			buildActionMask = 2147483647;
			files = (
			);
			runOnlyForDeploymentPostprocessing = 0;
		};
/* End PBXSourcesBuildPhase section */

/* Begin PBXTargetDependency section */
		172758752F3E6979007A1A80 /* PBXTargetDependency */ = {
			isa = PBXTargetDependency;
			target = 172758632F3E6978007A1A80 /* efb-212 */;
			targetProxy = 172758742F3E6979007A1A80 /* PBXContainerItemProxy */;
		};
		1727587F2F3E6979007A1A80 /* PBXTargetDependency */ = {
			isa = PBXTargetDependency;
			target = 172758632F3E6978007A1A80 /* efb-212 */;
			targetProxy = 1727587E2F3E6979007A1A80 /* PBXContainerItemProxy */;
		};
/* End PBXTargetDependency section */

/* Begin XCBuildConfiguration section */
		172758852F3E6979007A1A80 /* Debug */ = {
			isa = XCBuildConfiguration;
			buildSettings = {
				ALWAYS_SEARCH_USER_PATHS = NO;
				ASSETCATALOG_COMPILER_GENERATE_SWIFT_ASSET_SYMBOL_EXTENSIONS = YES;
				CLANG_ANALYZER_NONNULL = YES;
				CLANG_ANALYZER_NUMBER_OBJECT_CONVERSION = YES_AGGRESSIVE;
				CLANG_CXX_LANGUAGE_STANDARD = "gnu++20";
				CLANG_ENABLE_MODULES = YES;
				CLANG_ENABLE_OBJC_ARC = YES;
				CLANG_ENABLE_OBJC_WEAK = YES;
				CLANG_WARN_BLOCK_CAPTURE_AUTORELEASING = YES;
				CLANG_WARN_BOOL_CONVERSION = YES;
				CLANG_WARN_COMMA = YES;
				CLANG_WARN_CONSTANT_CONVERSION = YES;
				CLANG_WARN_DEPRECATED_OBJC_IMPLEMENTATIONS = YES;
				CLANG_WARN_DIRECT_OBJC_ISA_USAGE = YES_ERROR;
				CLANG_WARN_DOCUMENTATION_COMMENTS = YES;
				CLANG_WARN_EMPTY_BODY = YES;
				CLANG_WARN_ENUM_CONVERSION = YES;
				CLANG_WARN_INFINITE_RECURSION = YES;
				CLANG_WARN_INT_CONVERSION = YES;
				CLANG_WARN_NON_LITERAL_NULL_CONVERSION = YES;
				CLANG_WARN_OBJC_IMPLICIT_RETAIN_SELF = YES;
				CLANG_WARN_OBJC_LITERAL_CONVERSION = YES;
				CLANG_WARN_OBJC_ROOT_CLASS = YES_ERROR;
				CLANG_WARN_QUOTED_INCLUDE_IN_FRAMEWORK_HEADER = YES;
				CLANG_WARN_RANGE_LOOP_ANALYSIS = YES;
				CLANG_WARN_STRICT_PROTOTYPES = YES;
				CLANG_WARN_SUSPICIOUS_MOVE = YES;
				CLANG_WARN_UNGUARDED_AVAILABILITY = YES_AGGRESSIVE;
				CLANG_WARN_UNREACHABLE_CODE = YES;
				CLANG_WARN__DUPLICATE_METHOD_MATCH = YES;
				COPY_PHASE_STRIP = NO;
				DEBUG_INFORMATION_FORMAT = dwarf;
				DEVELOPMENT_TEAM = SKGLKG576D;
				ENABLE_STRICT_OBJC_MSGSEND = YES;
				ENABLE_TESTABILITY = YES;
				ENABLE_USER_SCRIPT_SANDBOXING = YES;
				GCC_C_LANGUAGE_STANDARD = gnu17;
				GCC_DYNAMIC_NO_PIC = NO;
				GCC_NO_COMMON_BLOCKS = YES;
				GCC_OPTIMIZATION_LEVEL = 0;
				GCC_PREPROCESSOR_DEFINITIONS = (
					"DEBUG=1",
					"$(inherited)",
				);
				GCC_WARN_64_TO_32_BIT_CONVERSION = YES;
				GCC_WARN_ABOUT_RETURN_TYPE = YES_ERROR;
				GCC_WARN_UNDECLARED_SELECTOR = YES;
				GCC_WARN_UNINITIALIZED_AUTOS = YES_AGGRESSIVE;
				GCC_WARN_UNUSED_FUNCTION = YES;
				GCC_WARN_UNUSED_VARIABLE = YES;
				IPHONEOS_DEPLOYMENT_TARGET = 26.0;
				LOCALIZATION_PREFERS_STRING_CATALOGS = YES;
				MTL_ENABLE_DEBUG_INFO = INCLUDE_SOURCE;
				MTL_FAST_MATH = YES;
				ONLY_ACTIVE_ARCH = YES;
				SDKROOT = iphoneos;
				SWIFT_ACTIVE_COMPILATION_CONDITIONS = "DEBUG $(inherited)";
				SWIFT_OPTIMIZATION_LEVEL = "-Onone";
			};
			name = Debug;
		};
		172758862F3E6979007A1A80 /* Release */ = {
			isa = XCBuildConfiguration;
			buildSettings = {
				ALWAYS_SEARCH_USER_PATHS = NO;
				ASSETCATALOG_COMPILER_GENERATE_SWIFT_ASSET_SYMBOL_EXTENSIONS = YES;
				CLANG_ANALYZER_NONNULL = YES;
				CLANG_ANALYZER_NUMBER_OBJECT_CONVERSION = YES_AGGRESSIVE;
				CLANG_CXX_LANGUAGE_STANDARD = "gnu++20";
				CLANG_ENABLE_MODULES = YES;
				CLANG_ENABLE_OBJC_ARC = YES;
				CLANG_ENABLE_OBJC_WEAK = YES;
				CLANG_WARN_BLOCK_CAPTURE_AUTORELEASING = YES;
				CLANG_WARN_BOOL_CONVERSION = YES;
				CLANG_WARN_COMMA = YES;
				CLANG_WARN_CONSTANT_CONVERSION = YES;
				CLANG_WARN_DEPRECATED_OBJC_IMPLEMENTATIONS = YES;
				CLANG_WARN_DIRECT_OBJC_ISA_USAGE = YES_ERROR;
				CLANG_WARN_DOCUMENTATION_COMMENTS = YES;
				CLANG_WARN_EMPTY_BODY = YES;
				CLANG_WARN_ENUM_CONVERSION = YES;
				CLANG_WARN_INFINITE_RECURSION = YES;
				CLANG_WARN_INT_CONVERSION = YES;
				CLANG_WARN_NON_LITERAL_NULL_CONVERSION = YES;
				CLANG_WARN_OBJC_IMPLICIT_RETAIN_SELF = YES;
				CLANG_WARN_OBJC_LITERAL_CONVERSION = YES;
				CLANG_WARN_OBJC_ROOT_CLASS = YES_ERROR;
				CLANG_WARN_QUOTED_INCLUDE_IN_FRAMEWORK_HEADER = YES;
				CLANG_WARN_RANGE_LOOP_ANALYSIS = YES;
				CLANG_WARN_STRICT_PROTOTYPES = YES;
				CLANG_WARN_SUSPICIOUS_MOVE = YES;
				CLANG_WARN_UNGUARDED_AVAILABILITY = YES_AGGRESSIVE;
				CLANG_WARN_UNREACHABLE_CODE = YES;
				CLANG_WARN__DUPLICATE_METHOD_MATCH = YES;
				COPY_PHASE_STRIP = NO;
				DEBUG_INFORMATION_FORMAT = "dwarf-with-dsym";
				DEVELOPMENT_TEAM = SKGLKG576D;
				ENABLE_NS_ASSERTIONS = NO;
				ENABLE_STRICT_OBJC_MSGSEND = YES;
				ENABLE_USER_SCRIPT_SANDBOXING = YES;
				GCC_C_LANGUAGE_STANDARD = gnu17;
				GCC_NO_COMMON_BLOCKS = YES;
				GCC_WARN_64_TO_32_BIT_CONVERSION = YES;
				GCC_WARN_ABOUT_RETURN_TYPE = YES_ERROR;
				GCC_WARN_UNDECLARED_SELECTOR = YES;
				GCC_WARN_UNINITIALIZED_AUTOS = YES_AGGRESSIVE;
				GCC_WARN_UNUSED_FUNCTION = YES;
				GCC_WARN_UNUSED_VARIABLE = YES;
				IPHONEOS_DEPLOYMENT_TARGET = 26.0;
				LOCALIZATION_PREFERS_STRING_CATALOGS = YES;
				MTL_ENABLE_DEBUG_INFO = NO;
				MTL_FAST_MATH = YES;
				SDKROOT = iphoneos;
				SWIFT_COMPILATION_MODE = wholemodule;
				VALIDATE_PRODUCT = YES;
			};
			name = Release;
		};
		172758882F3E6979007A1A80 /* Debug */ = {
			isa = XCBuildConfiguration;
			buildSettings = {
				ASSETCATALOG_COMPILER_APPICON_NAME = AppIcon;
				ASSETCATALOG_COMPILER_GLOBAL_ACCENT_COLOR_NAME = AccentColor;
				CODE_SIGN_STYLE = Automatic;
				CURRENT_PROJECT_VERSION = 1;
				DEVELOPMENT_TEAM = SKGLKG576D;
				ENABLE_PREVIEWS = YES;
				GENERATE_INFOPLIST_FILE = YES;
				INFOPLIST_KEY_NSLocationWhenInUseUsageDescription = "OpenEFB needs your location to display your position on the aviation map and calculate distances to airports and waypoints.";
				INFOPLIST_KEY_UIApplicationSceneManifest_Generation = YES;
				INFOPLIST_KEY_UIApplicationSupportsIndirectInputEvents = YES;
				INFOPLIST_KEY_UILaunchScreen_Generation = YES;
				INFOPLIST_KEY_UISupportedInterfaceOrientations_iPad = "UIInterfaceOrientationPortrait UIInterfaceOrientationPortraitUpsideDown UIInterfaceOrientationLandscapeLeft UIInterfaceOrientationLandscapeRight";
				INFOPLIST_KEY_UISupportedInterfaceOrientations_iPhone = "UIInterfaceOrientationPortrait UIInterfaceOrientationLandscapeLeft UIInterfaceOrientationLandscapeRight";
				LD_RUNPATH_SEARCH_PATHS = (
					"$(inherited)",
					"@executable_path/Frameworks",
				);
				MARKETING_VERSION = 1.0;
				PRODUCT_BUNDLE_IDENTIFIER = "quartermint.efb-212";
				PRODUCT_NAME = "$(TARGET_NAME)";
				STRING_CATALOG_GENERATE_SYMBOLS = YES;
				SWIFT_APPROACHABLE_CONCURRENCY = YES;
				SWIFT_DEFAULT_ACTOR_ISOLATION = MainActor;
				SWIFT_EMIT_LOC_STRINGS = YES;
				SWIFT_UPCOMING_FEATURE_MEMBER_IMPORT_VISIBILITY = YES;
				SWIFT_VERSION = 5.0;
				TARGETED_DEVICE_FAMILY = "1,2";
			};
			name = Debug;
		};
		172758892F3E6979007A1A80 /* Release */ = {
			isa = XCBuildConfiguration;
			buildSettings = {
				ASSETCATALOG_COMPILER_APPICON_NAME = AppIcon;
				ASSETCATALOG_COMPILER_GLOBAL_ACCENT_COLOR_NAME = AccentColor;
				CODE_SIGN_STYLE = Automatic;
				CURRENT_PROJECT_VERSION = 1;
				DEVELOPMENT_TEAM = SKGLKG576D;
				ENABLE_PREVIEWS = YES;
				GENERATE_INFOPLIST_FILE = YES;
				INFOPLIST_KEY_NSLocationWhenInUseUsageDescription = "OpenEFB needs your location to display your position on the aviation map and calculate distances to airports and waypoints.";
				INFOPLIST_KEY_UIApplicationSceneManifest_Generation = YES;
				INFOPLIST_KEY_UIApplicationSupportsIndirectInputEvents = YES;
				INFOPLIST_KEY_UILaunchScreen_Generation = YES;
				INFOPLIST_KEY_UISupportedInterfaceOrientations_iPad = "UIInterfaceOrientationPortrait UIInterfaceOrientationPortraitUpsideDown UIInterfaceOrientationLandscapeLeft UIInterfaceOrientationLandscapeRight";
				INFOPLIST_KEY_UISupportedInterfaceOrientations_iPhone = "UIInterfaceOrientationPortrait UIInterfaceOrientationLandscapeLeft UIInterfaceOrientationLandscapeRight";
				LD_RUNPATH_SEARCH_PATHS = (
					"$(inherited)",
					"@executable_path/Frameworks",
				);
				MARKETING_VERSION = 1.0;
				PRODUCT_BUNDLE_IDENTIFIER = "quartermint.efb-212";
				PRODUCT_NAME = "$(TARGET_NAME)";
				STRING_CATALOG_GENERATE_SYMBOLS = YES;
				SWIFT_APPROACHABLE_CONCURRENCY = YES;
				SWIFT_DEFAULT_ACTOR_ISOLATION = MainActor;
				SWIFT_EMIT_LOC_STRINGS = YES;
				SWIFT_UPCOMING_FEATURE_MEMBER_IMPORT_VISIBILITY = YES;
				SWIFT_VERSION = 5.0;
				TARGETED_DEVICE_FAMILY = "1,2";
			};
			name = Release;
		};
		1727588B2F3E6979007A1A80 /* Debug */ = {
			isa = XCBuildConfiguration;
			buildSettings = {
				BUNDLE_LOADER = "$(TEST_HOST)";
				CODE_SIGN_STYLE = Automatic;
				CURRENT_PROJECT_VERSION = 1;
				DEVELOPMENT_TEAM = SKGLKG576D;
				GENERATE_INFOPLIST_FILE = YES;
				IPHONEOS_DEPLOYMENT_TARGET = 26.0;
				MARKETING_VERSION = 1.0;
				PRODUCT_BUNDLE_IDENTIFIER = "quartermint.efb-212Tests";
				PRODUCT_NAME = "$(TARGET_NAME)";
				STRING_CATALOG_GENERATE_SYMBOLS = NO;
				SWIFT_APPROACHABLE_CONCURRENCY = YES;
				SWIFT_EMIT_LOC_STRINGS = NO;
				SWIFT_UPCOMING_FEATURE_MEMBER_IMPORT_VISIBILITY = YES;
				SWIFT_VERSION = 5.0;
				TARGETED_DEVICE_FAMILY = "1,2";
				TEST_HOST = "$(BUILT_PRODUCTS_DIR)/efb-212.app/$(BUNDLE_EXECUTABLE_FOLDER_PATH)/efb-212";
			};
			name = Debug;
		};
		1727588C2F3E6979007A1A80 /* Release */ = {
			isa = XCBuildConfiguration;
			buildSettings = {
				BUNDLE_LOADER = "$(TEST_HOST)";
				CODE_SIGN_STYLE = Automatic;
				CURRENT_PROJECT_VERSION = 1;
				DEVELOPMENT_TEAM = SKGLKG576D;
				GENERATE_INFOPLIST_FILE = YES;
				IPHONEOS_DEPLOYMENT_TARGET = 26.0;
				MARKETING_VERSION = 1.0;
				PRODUCT_BUNDLE_IDENTIFIER = "quartermint.efb-212Tests";
				PRODUCT_NAME = "$(TARGET_NAME)";
				STRING_CATALOG_GENERATE_SYMBOLS = NO;
				SWIFT_APPROACHABLE_CONCURRENCY = YES;
				SWIFT_EMIT_LOC_STRINGS = NO;
				SWIFT_UPCOMING_FEATURE_MEMBER_IMPORT_VISIBILITY = YES;
				SWIFT_VERSION = 5.0;
				TARGETED_DEVICE_FAMILY = "1,2";
				TEST_HOST = "$(BUILT_PRODUCTS_DIR)/efb-212.app/$(BUNDLE_EXECUTABLE_FOLDER_PATH)/efb-212";
			};
			name = Release;
		};
		1727588E2F3E6979007A1A80 /* Debug */ = {
			isa = XCBuildConfiguration;
			buildSettings = {
				CODE_SIGN_STYLE = Automatic;
				CURRENT_PROJECT_VERSION = 1;
				DEVELOPMENT_TEAM = SKGLKG576D;
				GENERATE_INFOPLIST_FILE = YES;
				MARKETING_VERSION = 1.0;
				PRODUCT_BUNDLE_IDENTIFIER = "quartermint.efb-212UITests";
				PRODUCT_NAME = "$(TARGET_NAME)";
				STRING_CATALOG_GENERATE_SYMBOLS = NO;
				SWIFT_APPROACHABLE_CONCURRENCY = YES;
				SWIFT_EMIT_LOC_STRINGS = NO;
				SWIFT_UPCOMING_FEATURE_MEMBER_IMPORT_VISIBILITY = YES;
				SWIFT_VERSION = 5.0;
				TARGETED_DEVICE_FAMILY = "1,2";
				TEST_TARGET_NAME = "efb-212";
			};
			name = Debug;
		};
		1727588F2F3E6979007A1A80 /* Release */ = {
			isa = XCBuildConfiguration;
			buildSettings = {
				CODE_SIGN_STYLE = Automatic;
				CURRENT_PROJECT_VERSION = 1;
				DEVELOPMENT_TEAM = SKGLKG576D;
				GENERATE_INFOPLIST_FILE = YES;
				MARKETING_VERSION = 1.0;
				PRODUCT_BUNDLE_IDENTIFIER = "quartermint.efb-212UITests";
				PRODUCT_NAME = "$(TARGET_NAME)";
				STRING_CATALOG_GENERATE_SYMBOLS = NO;
				SWIFT_APPROACHABLE_CONCURRENCY = YES;
				SWIFT_EMIT_LOC_STRINGS = NO;
				SWIFT_UPCOMING_FEATURE_MEMBER_IMPORT_VISIBILITY = YES;
				SWIFT_VERSION = 5.0;
				TARGETED_DEVICE_FAMILY = "1,2";
				TEST_TARGET_NAME = "efb-212";
			};
			name = Release;
		};
/* End XCBuildConfiguration section */

/* Begin XCConfigurationList section */
		1727585F2F3E6978007A1A80 /* Build configuration list for PBXProject "efb-212" */ = {
			isa = XCConfigurationList;
			buildConfigurations = (
				172758852F3E6979007A1A80 /* Debug */,
				172758862F3E6979007A1A80 /* Release */,
			);
			defaultConfigurationIsVisible = 0;
			defaultConfigurationName = Release;
		};
		172758872F3E6979007A1A80 /* Build configuration list for PBXNativeTarget "efb-212" */ = {
			isa = XCConfigurationList;
			buildConfigurations = (
				172758882F3E6979007A1A80 /* Debug */,
				172758892F3E6979007A1A80 /* Release */,
			);
			defaultConfigurationIsVisible = 0;
			defaultConfigurationName = Release;
		};
		1727588A2F3E6979007A1A80 /* Build configuration list for PBXNativeTarget "efb-212Tests" */ = {
			isa = XCConfigurationList;
			buildConfigurations = (
				1727588B2F3E6979007A1A80 /* Debug */,
				1727588C2F3E6979007A1A80 /* Release */,
			);
			defaultConfigurationIsVisible = 0;
			defaultConfigurationName = Release;
		};
		1727588D2F3E6979007A1A80 /* Build configuration list for PBXNativeTarget "efb-212UITests" */ = {
			isa = XCConfigurationList;
			buildConfigurations = (
				1727588E2F3E6979007A1A80 /* Debug */,
				1727588F2F3E6979007A1A80 /* Release */,
			);
			defaultConfigurationIsVisible = 0;
			defaultConfigurationName = Release;
		};
/* End XCConfigurationList section */

/* Begin XCRemoteSwiftPackageReference section */
		AA0002012F3E7000007A1A80 /* XCRemoteSwiftPackageReference "GRDB" */ = {
			isa = XCRemoteSwiftPackageReference;
			repositoryURL = "https://github.com/groue/GRDB.swift";
			requirement = {
				kind = upToNextMajorVersion;
				minimumVersion = 7.0.0;
			};
		};
		AA0002022F3E7000007A1A80 /* XCRemoteSwiftPackageReference "maplibre-gl-native-distribution" */ = {
			isa = XCRemoteSwiftPackageReference;
			repositoryURL = "https://github.com/maplibre/maplibre-gl-native-distribution";
			requirement = {
				kind = upToNextMajorVersion;
				minimumVersion = 6.0.0;
			};
		};
/* End XCRemoteSwiftPackageReference section */

/* Begin XCSwiftPackageProductDependency section */
		AA0001012F3E7000007A1A80 /* GRDB */ = {
			isa = XCSwiftPackageProductDependency;
			package = AA0002012F3E7000007A1A80 /* XCRemoteSwiftPackageReference "GRDB" */;
			productName = GRDB;
		};
		AA0001022F3E7000007A1A80 /* MapLibre */ = {
			isa = XCSwiftPackageProductDependency;
			package = AA0002022F3E7000007A1A80 /* XCRemoteSwiftPackageReference "maplibre-gl-native-distribution" */;
			productName = MapLibre;
		};
/* End XCSwiftPackageProductDependency section */
	};
	rootObject = 1727585C2F3E6978007A1A80 /* Project object */;
}
